github.com/reiver/go-opt v1.3.0 h1:DyDUwxXiRuszOFQxVkjJx52Rrhcr8jpTGrwn/KHA77A=
github.com/reiver/go-opt v1.3.0/go.mod h1:/GNk2aLHdf9WB/ATueDbAYCaQETT6Bq+PPOKhV1qV0U=
github.com/reiver/go-utf8 v2.0.1+incompatible h1:f1rRbwTIcUaX+1wnLM1+FWelKegAxTURE9MkZCRVOPM=
github.com/reiver/go-utf8 v2.0.1+incompatible/go.mod h1:tfGntNDUeEZIAsz0mTu0lF7/IlErc+BpQgO6yxYmJig=
sourcecode.social/reiver/go-erorr v0.0.0-20230922202459-231149d185a1 h1:wpnz4JicQBLWrgGphYBls7DysIFCcnWgDz/vce/sY8E=
sourcecode.social/reiver/go-erorr v0.0.0-20230922202459-231149d185a1/go.mod h1:NFtd7fzEf0r6A6R7JXYZfayRhPaJy0zt/18VWoLzrxA=
